
Microsoft Visual Studio Solution File, Format Version 12.00
# Visual Studio Version 16
VisualStudioVersion = 16.0.30330.147
MinimumVisualStudioVersion = 10.0.40219.1
Project("{9A19103F-16F7-4668-BE54-9A1E7A4F7556}") = "fastapi", "fastapi.csproj", "{B7FF69D4-C73C-4304-BDA2-3D9EB3B991D7}"
EndProject
Project("{9A19103F-16F7-4668-BE54-9A1E7A4F7556}") = "CodeM.FastApi.Router", "libs\Router\CodeM.FastApi.Router.csproj", "{38C64B18-96FF-4550-B812-0CE65F8A5B5F}"
EndProject
Project("{9A19103F-16F7-4668-BE54-9A1E7A4F7556}") = "CodeM.FastApi.Context.JsonResponse", "libs\JsonResponseWriter\CodeM.FastApi.Context.JsonResponse.csproj", "{4F69774A-0C31-4732-B1AA-B10C5DECC4FF}"
EndProject
Project("{9A19103F-16F7-4668-BE54-9A1E7A4F7556}") = "CodeM.FastApi.Context", "libs\ControllerContext\CodeM.FastApi.Context.csproj", "{E993785D-7145-4AFD-9135-F5099F398197}"
EndProject
Project("{9A19103F-16F7-4668-BE54-9A1E7A4F7556}") = "CodeM.FastApi.Config", "libs\AppConfig\CodeM.FastApi.Config.csproj", "{C7A8FCEE-5D0B-46AA-923A-917AD3480D60}"
EndProject
Project("{9A19103F-16F7-4668-BE54-9A1E7A4F7556}") = "CodeM.FastApi.Common", "libs\Common\CodeM.FastApi.Common.csproj", "{FEB3F9DE-B5A6-406B-83F9-AA6ADB5F1E29}"
EndProject
Project("{9A19103F-16F7-4668-BE54-9A1E7A4F7556}") = "CodeM.FastApi.Logger", "libs\Logger\CodeM.FastApi.Logger.csproj", "{7C4C8975-7A29-461C-87DA-59E58AF1EAD3}"
EndProject
Project("{9A19103F-16F7-4668-BE54-9A1E7A4F7556}") = "CodeM.FastApi.Middlewares", "libs\Middlewares\CodeM.FastApi.Middlewares.csproj", "{1F84A8D2-60FF-4481-B788-8CBB14F7D6DB}"
EndProject
Project("{FAE04EC0-301F-11D3-BF4B-00C04F79EFBC}") = "CodeM.FastApi.DbUpgrade", "libs\DbUpgrade\CodeM.FastApi.DbUpgrade.csproj", "{20E6EC9E-53E7-416F-A29D-197A70813B2D}"
EndProject
Global
	GlobalSection(SolutionConfigurationPlatforms) = preSolution
		Debug|Any CPU = Debug|Any CPU
		Release|Any CPU = Release|Any CPU
	EndGlobalSection
	GlobalSection(ProjectConfigurationPlatforms) = postSolution
		{B7FF69D4-C73C-4304-BDA2-3D9EB3B991D7}.Debug|Any CPU.ActiveCfg = Debug|Any CPU
		{B7FF69D4-C73C-4304-BDA2-3D9EB3B991D7}.Debug|Any CPU.Build.0 = Debug|Any CPU
		{B7FF69D4-C73C-4304-BDA2-3D9EB3B991D7}.Release|Any CPU.ActiveCfg = Release|Any CPU
		{B7FF69D4-C73C-4304-BDA2-3D9EB3B991D7}.Release|Any CPU.Build.0 = Release|Any CPU
		{38C64B18-96FF-4550-B812-0CE65F8A5B5F}.Debug|Any CPU.ActiveCfg = Debug|Any CPU
		{38C64B18-96FF-4550-B812-0CE65F8A5B5F}.Debug|Any CPU.Build.0 = Debug|Any CPU
		{38C64B18-96FF-4550-B812-0CE65F8A5B5F}.Release|Any CPU.ActiveCfg = Release|Any CPU
		{38C64B18-96FF-4550-B812-0CE65F8A5B5F}.Release|Any CPU.Build.0 = Release|Any CPU
		{4F69774A-0C31-4732-B1AA-B10C5DECC4FF}.Debug|Any CPU.ActiveCfg = Debug|Any CPU
		{4F69774A-0C31-4732-B1AA-B10C5DECC4FF}.Debug|Any CPU.Build.0 = Debug|Any CPU
		{4F69774A-0C31-4732-B1AA-B10C5DECC4FF}.Release|Any CPU.ActiveCfg = Release|Any CPU
		{4F69774A-0C31-4732-B1AA-B10C5DECC4FF}.Release|Any CPU.Build.0 = Release|Any CPU
		{E993785D-7145-4AFD-9135-F5099F398197}.Debug|Any CPU.ActiveCfg = Debug|Any CPU
		{E993785D-7145-4AFD-9135-F5099F398197}.Debug|Any CPU.Build.0 = Debug|Any CPU
		{E993785D-7145-4AFD-9135-F5099F398197}.Release|Any CPU.ActiveCfg = Release|Any CPU
		{E993785D-7145-4AFD-9135-F5099F398197}.Release|Any CPU.Build.0 = Release|Any CPU
		{C7A8FCEE-5D0B-46AA-923A-917AD3480D60}.Debug|Any CPU.ActiveCfg = Debug|Any CPU
		{C7A8FCEE-5D0B-46AA-923A-917AD3480D60}.Debug|Any CPU.Build.0 = Debug|Any CPU
		{C7A8FCEE-5D0B-46AA-923A-917AD3480D60}.Release|Any CPU.ActiveCfg = Release|Any CPU
		{C7A8FCEE-5D0B-46AA-923A-917AD3480D60}.Release|Any CPU.Build.0 = Release|Any CPU
		{FEB3F9DE-B5A6-406B-83F9-AA6ADB5F1E29}.Debug|Any CPU.ActiveCfg = Debug|Any CPU
		{FEB3F9DE-B5A6-406B-83F9-AA6ADB5F1E29}.Debug|Any CPU.Build.0 = Debug|Any CPU
		{FEB3F9DE-B5A6-406B-83F9-AA6ADB5F1E29}.Release|Any CPU.ActiveCfg = Release|Any CPU
		{FEB3F9DE-B5A6-406B-83F9-AA6ADB5F1E29}.Release|Any CPU.Build.0 = Release|Any CPU
		{7C4C8975-7A29-461C-87DA-59E58AF1EAD3}.Debug|Any CPU.ActiveCfg = Debug|Any CPU
		{7C4C8975-7A29-461C-87DA-59E58AF1EAD3}.Debug|Any CPU.Build.0 = Debug|Any CPU
		{7C4C8975-7A29-461C-87DA-59E58AF1EAD3}.Release|Any CPU.ActiveCfg = Release|Any CPU
		{7C4C8975-7A29-461C-87DA-59E58AF1EAD3}.Release|Any CPU.Build.0 = Release|Any CPU
		{1F84A8D2-60FF-4481-B788-8CBB14F7D6DB}.Debug|Any CPU.ActiveCfg = Debug|Any CPU
		{1F84A8D2-60FF-4481-B788-8CBB14F7D6DB}.Debug|Any CPU.Build.0 = Debug|Any CPU
		{1F84A8D2-60FF-4481-B788-8CBB14F7D6DB}.Release|Any CPU.ActiveCfg = Release|Any CPU
		{1F84A8D2-60FF-4481-B788-8CBB14F7D6DB}.Release|Any CPU.Build.0 = Release|Any CPU
		{20E6EC9E-53E7-416F-A29D-197A70813B2D}.Debug|Any CPU.ActiveCfg = Debug|Any CPU
		{20E6EC9E-53E7-416F-A29D-197A70813B2D}.Debug|Any CPU.Build.0 = Debug|Any CPU
		{20E6EC9E-53E7-416F-A29D-197A70813B2D}.Release|Any CPU.ActiveCfg = Release|Any CPU
		{20E6EC9E-53E7-416F-A29D-197A70813B2D}.Release|Any CPU.Build.0 = Release|Any CPU
	EndGlobalSection
	GlobalSection(SolutionProperties) = preSolution
		HideSolutionNode = FALSE
	EndGlobalSection
	GlobalSection(ExtensibilityGlobals) = postSolution
		SolutionGuid = {7B5CD19F-8E26-4B72-94E7-497F3696CB46}
	EndGlobalSection
EndGlobal
